github.com/ikawaha/kagome-dict v1.1.6 h1:bpMDkXEbHsgh/gdqNMpASM5EDd/jpRtzm2AFJTGP6C4=
github.com/ikawaha/kagome-dict v1.1.6/go.mod h1:kVQBTitXg2pqmQUMFqGOw60e14zahWKyEyuZW2n7Yus=
github.com/ikawaha/kagome-dict/ipa v1.0.9 h1:iQITqQKpYtby83z6IglEKozV2Arbv70JHxIdKf4RRMA=
github.com/ikawaha/kagome-dict/ipa v1.0.9/go.mod h1:sBGF+9wBZR9NMMY9Ge8ULgntX1pLx4xQgjD8TOvHpCI=
github.com/ikawaha/kagome/v2 v2.9.0 h1:J5t2JteaqjjKjuHMMA/8Pq9DEuhuuKMPvf8ua097M7w=
github.com/ikawaha/kagome/v2 v2.9.0/go.mod h1:uHUMeHH+6ORiag4AF55fTQF4PrIuBjKSEsZ6HcUcfJI=
